schema: '2.0'
stages:
  prepare:
    cmd: uv run python -m nn_train.prepare
    deps:
    - path: data/iris.dat
      hash: md5
      md5: 6d15b663e52a30d276150d4d5b7ecc14
      size: 26250
    - path: train/nn_train/prepare.py
      hash: md5
      md5: 51b12516de91b4bef3e79ba38ddbe15d
      size: 5635
    params:
      params.yaml:
        prepare:
          val_split: 0.15
          test_split: 0.15
          random_seed: 42
    outs:
    - path: artifacts/prepare-metrics.json
      hash: md5
      md5: d76f8289c58c338297c2d6a279040f4f
      size: 217
    - path: artifacts/preprocessor.pkl
      hash: md5
      md5: 8e902de443ad998f480ede7621c59f2e
      size: 448
    - path: artifacts/test_x.npy
      hash: md5
      md5: dc67536ddefc52ed9128d854980b8b02
      size: 832
    - path: artifacts/test_y.npy
      hash: md5
      md5: d3bbf1582f6255854733bfe711fc26e5
      size: 656
    - path: artifacts/train_x.npy
      hash: md5
      md5: 61c868b4503d4df0a06815de86196cd8
      size: 3520
    - path: artifacts/train_y.npy
      hash: md5
      md5: d7c892871454cdc026271df772784bb1
      size: 2672
    - path: artifacts/val_x.npy
      hash: md5
      md5: e4ab09531d4d5050aa319907cc66ab4d
      size: 832
    - path: artifacts/val_y.npy
      hash: md5
      md5: 7e3d839ef3a4dbe12a2fe4fa287434da
      size: 656
  train:
    cmd: uv run python -m nn_train.train
    deps:
    - path: artifacts/preprocessor.pkl
      hash: md5
      md5: 8e902de443ad998f480ede7621c59f2e
      size: 448
    - path: artifacts/train_x.npy
      hash: md5
      md5: 61c868b4503d4df0a06815de86196cd8
      size: 3520
    - path: artifacts/train_y.npy
      hash: md5
      md5: d7c892871454cdc026271df772784bb1
      size: 2672
    - path: lib/nn_lib/activations.py
      hash: md5
      md5: 8f1b6dec4ba5dad37100e50bb525f4e1
      size: 2148
    - path: lib/nn_lib/base.py
      hash: md5
      md5: e42e2ae6e7b0672d924c56fbda91856b
      size: 787
    - path: lib/nn_lib/exceptions.py
      hash: md5
      md5: 8ac079d4ff25a54e3c33be71dc9951bb
      size: 556
    - path: lib/nn_lib/initializers.py
      hash: md5
      md5: 0232c1b1c162d74e59d5a47da07204b0
      size: 1571
    - path: lib/nn_lib/layers.py
      hash: md5
      md5: d67eaafcecc188f048c6df4eeeb7127e
      size: 2101
    - path: lib/nn_lib/losses.py
      hash: md5
      md5: 302195510b10eb890e62b41e8d0b8110
      size: 3613
    - path: lib/nn_lib/network.py
      hash: md5
      md5: a360324e33cd3e0a585c64d6deced620
      size: 3952
    - path: lib/nn_lib/preprocessing.py
      hash: md5
      md5: 7485c9b78ec06d78db08cab79a0e2a5f
      size: 1532
    - path: lib/nn_lib/trainer.py
      hash: md5
      md5: da6ec9ddab9af221250ef39fae50ad09
      size: 3139
    - path: train/nn_train/train.py
      hash: md5
      md5: b3d179aced14e882a0ef66fe6bf461c2
      size: 5126
    params:
      params.yaml:
        train:
          neurons:
          - 16
          - 3
          activations:
          - relu
          - identity
          batch_size: 8
          epochs: 1000
          learning_rate: 0.01
          loss: cross_entropy
          shuffle: true
    outs:
    - path: artifacts/model.pkl
      hash: md5
      md5: 7c53249f4d2727491d90a6f147cd34bc
      size: 33456
    - path: artifacts/train-metrics.json
      hash: md5
      md5: d4a70ee872797ac6fc6f9e48e57a10cf
      size: 98
  evaluate:
    cmd: uv run python -m nn_train.evaluate
    deps:
    - path: artifacts/model.pkl
      hash: md5
      md5: 7c53249f4d2727491d90a6f147cd34bc
      size: 33456
    - path: artifacts/test_x.npy
      hash: md5
      md5: dc67536ddefc52ed9128d854980b8b02
      size: 832
    - path: artifacts/test_y.npy
      hash: md5
      md5: d3bbf1582f6255854733bfe711fc26e5
      size: 656
    - path: artifacts/val_x.npy
      hash: md5
      md5: e4ab09531d4d5050aa319907cc66ab4d
      size: 832
    - path: artifacts/val_y.npy
      hash: md5
      md5: 7e3d839ef3a4dbe12a2fe4fa287434da
      size: 656
    - path: train/nn_train/evaluate.py
      hash: md5
      md5: d06782bb7a9f52f7b29632f54db813a4
      size: 2878
    outs:
    - path: artifacts/evaluate-metrics.json
      hash: md5
      md5: 638fcf9e112eeff91b6dac7ccd2bcee1
      size: 101
