schema: '2.0'
stages:
  prepare:
    cmd: uv run python -m nn_train.prepare
    deps:
    - path: data/iris.dat
      hash: md5
      md5: 6d15b663e52a30d276150d4d5b7ecc14
      size: 26250
    - path: train/nn_train/prepare.py
      hash: md5
      md5: 51b12516de91b4bef3e79ba38ddbe15d
      size: 5635
    params:
      params.yaml:
        prepare:
          val_split: 0.15
          test_split: 0.15
          random_seed: 42
    outs:
    - path: artifacts/prepare-metrics.json
      hash: md5
      md5: d76f8289c58c338297c2d6a279040f4f
      size: 217
    - path: artifacts/preprocessor.pkl
      hash: md5
      md5: 8e902de443ad998f480ede7621c59f2e
      size: 448
    - path: artifacts/test_x.npy
      hash: md5
      md5: dc67536ddefc52ed9128d854980b8b02
      size: 832
    - path: artifacts/test_y.npy
      hash: md5
      md5: d3bbf1582f6255854733bfe711fc26e5
      size: 656
    - path: artifacts/train_x.npy
      hash: md5
      md5: 61c868b4503d4df0a06815de86196cd8
      size: 3520
    - path: artifacts/train_y.npy
      hash: md5
      md5: d7c892871454cdc026271df772784bb1
      size: 2672
    - path: artifacts/val_x.npy
      hash: md5
      md5: e4ab09531d4d5050aa319907cc66ab4d
      size: 832
    - path: artifacts/val_y.npy
      hash: md5
      md5: 7e3d839ef3a4dbe12a2fe4fa287434da
      size: 656
  train:
    cmd: uv run python -m nn_train.train
    deps:
    - path: artifacts/preprocessor.pkl
      hash: md5
      md5: 8e902de443ad998f480ede7621c59f2e
      size: 448
    - path: artifacts/train_x.npy
      hash: md5
      md5: 61c868b4503d4df0a06815de86196cd8
      size: 3520
    - path: artifacts/train_y.npy
      hash: md5
      md5: d7c892871454cdc026271df772784bb1
      size: 2672
    - path: lib/nn_lib/activations.py
      hash: md5
      md5: 8f1b6dec4ba5dad37100e50bb525f4e1
      size: 2148
    - path: lib/nn_lib/base.py
      hash: md5
      md5: e42e2ae6e7b0672d924c56fbda91856b
      size: 787
    - path: lib/nn_lib/exceptions.py
      hash: md5
      md5: 8ac079d4ff25a54e3c33be71dc9951bb
      size: 556
    - path: lib/nn_lib/initializers.py
      hash: md5
      md5: 0232c1b1c162d74e59d5a47da07204b0
      size: 1571
    - path: lib/nn_lib/layers.py
      hash: md5
      md5: d67eaafcecc188f048c6df4eeeb7127e
      size: 2101
    - path: lib/nn_lib/losses.py
      hash: md5
      md5: 302195510b10eb890e62b41e8d0b8110
      size: 3613
    - path: lib/nn_lib/network.py
      hash: md5
      md5: a360324e33cd3e0a585c64d6deced620
      size: 3952
    - path: lib/nn_lib/preprocessing.py
      hash: md5
      md5: 7485c9b78ec06d78db08cab79a0e2a5f
      size: 1532
    - path: lib/nn_lib/trainer.py
      hash: md5
      md5: da6ec9ddab9af221250ef39fae50ad09
      size: 3139
    - path: train/nn_train/train.py
      hash: md5
      md5: b3d179aced14e882a0ef66fe6bf461c2
      size: 5126
    params:
      params.yaml:
        train:
          neurons:
          - 16
          - 3
          activations:
          - relu
          - identity
          batch_size: 8
          epochs: 1000
          learning_rate: 0.01
          loss: cross_entropy
          shuffle: true
    outs:
    - path: artifacts/model.pkl
      hash: md5
      md5: 7c53249f4d2727491d90a6f147cd34bc
      size: 33456
    - path: artifacts/train-metrics.json
      hash: md5
      md5: d4a70ee872797ac6fc6f9e48e57a10cf
      size: 98
  evaluate:
    cmd: uv run python -m nn_train.evaluate
    deps:
    - path: artifacts/model.pkl
      hash: md5
      md5: 7c53249f4d2727491d90a6f147cd34bc
      size: 33456
    - path: artifacts/test_x.npy
      hash: md5
      md5: dc67536ddefc52ed9128d854980b8b02
      size: 832
    - path: artifacts/test_y.npy
      hash: md5
      md5: d3bbf1582f6255854733bfe711fc26e5
      size: 656
    - path: artifacts/val_x.npy
      hash: md5
      md5: e4ab09531d4d5050aa319907cc66ab4d
      size: 832
    - path: artifacts/val_y.npy
      hash: md5
      md5: 7e3d839ef3a4dbe12a2fe4fa287434da
      size: 656
    - path: train/nn_train/evaluate.py
      hash: md5
      md5: d06782bb7a9f52f7b29632f54db813a4
      size: 2878
    outs:
    - path: artifacts/evaluate-metrics.json
      hash: md5
      md5: 638fcf9e112eeff91b6dac7ccd2bcee1
      size: 101
  tokenize:
    cmd: uv run python -m rawformer_train.prepare
    deps:
    - path: data/pretrain/stories.txt
      hash: md5
      md5: 55c665f5c96403ca873fa800bb4daac9
      size: 2807
    - path: train/rawformer_train/prepare.py
      hash: md5
      md5: 2a6f8d7d50adcf4edfeeb9d03553e11b
      size: 4556
    params:
      params.yaml:
        tokenize:
          vocab_size: 512
          max_seq_len: 128
          val_split: 0.15
          random_seed: 42
    outs:
    - path: artifacts/tokenizer/tokenize-metrics.json
      hash: md5
      md5: a6395b695a0de5c431bae1894e7468b0
      size: 92
    - path: artifacts/tokenizer/tokenizer.json
      hash: md5
      md5: 4092c2284ed160e73d44ee0daadbfe64
      size: 27046
    - path: artifacts/tokenizer/train_ids.npy
      hash: md5
      md5: 355c723105b59ee735dac9c15daac6ac
      size: 17536
    - path: artifacts/tokenizer/val_ids.npy
      hash: md5
      md5: 0d122d3c9c559433f98bd5efa4c714db
      size: 3200
  pretrain:
    cmd: uv run python -m rawformer_train.pretrain
    deps:
    - path: artifacts/tokenizer/tokenizer.json
      hash: md5
      md5: 4092c2284ed160e73d44ee0daadbfe64
      size: 27046
    - path: artifacts/tokenizer/train_ids.npy
      hash: md5
      md5: 355c723105b59ee735dac9c15daac6ac
      size: 17536
    - path: artifacts/tokenizer/val_ids.npy
      hash: md5
      md5: 0d122d3c9c559433f98bd5efa4c714db
      size: 3200
    - path: lib/rawformer/training/clm.py
      hash: md5
      md5: 5f9eea8183b79148e74ab52559ce523e
      size: 7550
    - path: lib/rawformer/training/lm_trainer.py
      hash: md5
      md5: d876932730f9c48f8f521d4d19215170
      size: 4362
    - path: train/rawformer_train/pretrain.py
      hash: md5
      md5: c3d0c98f2989fafae994924f09ba9999
      size: 5269
    params:
      params.yaml:
        pretrain:
          d_model: 64
          n_heads: 4
          n_layers: 2
          d_ff: 256
          max_len: 128
          dropout_rate: 0.1
          batch_size: 4
          epochs: 50
          learning_rate: 0.001
          random_seed: 42
    outs:
    - path: artifacts/pretrain/model.pkl
      hash: md5
      md5: 4878149ebd2ed6540f90fd59d1d2a034
      size: 3399420
    - path: artifacts/pretrain/pretrain-metrics.json
      hash: md5
      md5: 1448cb251af6d6589668927df01f12a2
      size: 961
  sft:
    cmd: uv run python -m rawformer_train.sft
    deps:
    - path: artifacts/pretrain/model.pkl
      hash: md5
      md5: 4878149ebd2ed6540f90fd59d1d2a034
      size: 3399420
    - path: artifacts/tokenizer/tokenizer.json
      hash: md5
      md5: 4092c2284ed160e73d44ee0daadbfe64
      size: 27046
    - path: data/sft/instructions.jsonl
      hash: md5
      md5: 2cfb06af83b5b4c8e5a558f049c2ec41
      size: 2261
    - path: lib/rawformer/training/clm.py
      hash: md5
      md5: 5f9eea8183b79148e74ab52559ce523e
      size: 7550
    - path: lib/rawformer/training/lm_trainer.py
      hash: md5
      md5: d876932730f9c48f8f521d4d19215170
      size: 4362
    - path: train/rawformer_train/sft.py
      hash: md5
      md5: 86d902a00d40bbec9250ccf45a0e6837
      size: 6512
    params:
      params.yaml:
        sft:
          batch_size: 4
          epochs: 20
          learning_rate: 0.0005
          max_seq_len: 128
          random_seed: 42
    outs:
    - path: artifacts/sft/model.pkl
      hash: md5
      md5: 2df5eb7e8ae72c982f4e6f946a686acd
      size: 4227458
    - path: artifacts/sft/sft-metrics.json
      hash: md5
      md5: 83f1c56f91817a262e80e38eccd14e58
      size: 619
